
Microsoft Visual Studio Solution File, Format Version 12.00
# Visual Studio 2013
VisualStudioVersion = 12.0.31101.0
MinimumVisualStudioVersion = 10.0.40219.1
Project("{FAE04EC0-301F-11D3-BF4B-00C04F79EFBC}") = "POM", "POM\POM.csproj", "{F7C64424-3B4B-482E-A94C-C348173344AB}"
EndProject
Project("{FAE04EC0-301F-11D3-BF4B-00C04F79EFBC}") = "StatusChart", "StatusChart\StatusChart.csproj", "{18C24125-9CDB-4B4D-97E9-B56198D3A2F7}"
EndProject
Global
	GlobalSection(SolutionConfigurationPlatforms) = preSolution
		Debug|Any CPU = Debug|Any CPU
		Release|Any CPU = Release|Any CPU
	EndGlobalSection
	GlobalSection(ProjectConfigurationPlatforms) = postSolution
		{F7C64424-3B4B-482E-A94C-C348173344AB}.Debug|Any CPU.ActiveCfg = Debug|Any CPU
		{F7C64424-3B4B-482E-A94C-C348173344AB}.Debug|Any CPU.Build.0 = Debug|Any CPU
		{F7C64424-3B4B-482E-A94C-C348173344AB}.Release|Any CPU.ActiveCfg = Release|Any CPU
		{F7C64424-3B4B-482E-A94C-C348173344AB}.Release|Any CPU.Build.0 = Release|Any CPU
		{18C24125-9CDB-4B4D-97E9-B56198D3A2F7}.Debug|Any CPU.ActiveCfg = Debug|Any CPU
		{18C24125-9CDB-4B4D-97E9-B56198D3A2F7}.Debug|Any CPU.Build.0 = Debug|Any CPU
		{18C24125-9CDB-4B4D-97E9-B56198D3A2F7}.Release|Any CPU.ActiveCfg = Release|Any CPU
		{18C24125-9CDB-4B4D-97E9-B56198D3A2F7}.Release|Any CPU.Build.0 = Release|Any CPU
	EndGlobalSection
	GlobalSection(SolutionProperties) = preSolution
		HideSolutionNode = FALSE
	EndGlobalSection
EndGlobal
